<?xml version="1.0" encoding="UTF-8" standalone="yes" ?>
<CodeBlocks_project_file>
	<FileVersion major="1" minor="6" />
	<Project>
		<Option title="libagent" />
		<Option pch_mode="2" />
		<Option compiler="gcc" />
		<Build>
			<Target title="Robot1">
				<Option output="examples/Robot1/rb1" prefix_auto="1" extension_auto="1" />
				<Option object_output="obj/Debug/" />
				<Option type="1" />
				<Option compiler="gcc" />
				<Compiler>
					<Add option="-Wextra" />
					<Add option="-Wall" />
					<Add option="-g" />
					<Add option="-D_DEBUG_" />
				</Compiler>
				<Linker>
					<Add library="mysqlclient" />
				</Linker>
			</Target>
			<Target title="TSP">
				<Option output="examples/TSP/tsp" prefix_auto="1" extension_auto="1" />
				<Option type="1" />
				<Option compiler="gcc" />
				<Option use_console_runner="0" />
				<Compiler>
					<Add option="-Wall" />
					<Add option="-pg" />
					<Add option="-g" />
					<Add option="-D_DEBUG_" />
				</Compiler>
				<Linker>
					<Add option="-pg" />
				</Linker>
			</Target>
			<Target title="SimGroup">
				<Option output="examples/Group/group" prefix_auto="1" extension_auto="1" />
				<Option type="0" />
				<Option compiler="gcc" />
				<Compiler>
					<Add option="-Wextra" />
					<Add option="-Wall" />
					<Add option="-pg" />
					<Add option="-g" />
				</Compiler>
				<Linker>
					<Add option="-pg" />
				</Linker>
			</Target>
			<Target title="test">
				<Option output="test" prefix_auto="1" extension_auto="1" />
				<Option type="0" />
				<Option compiler="gcc" />
				<Compiler>
					<Add option="-D_DEBUG_" />
				</Compiler>
				<Linker>
					<Add library="mysqlclient" />
				</Linker>
			</Target>
			<Target title="R of SimGroup">
				<Option output="examples/Group/group" prefix_auto="1" extension_auto="1" />
				<Option type="0" />
				<Option compiler="gcc" />
				<Compiler>
					<Add option="-O3" />
				</Compiler>
			</Target>
		</Build>
		<Compiler>
			<Add option="-Wall" />
			<Add option="-pg" />
			<Add option="-g" />
			<Add option="-fexceptions" />
		</Compiler>
		<Linker>
			<Add option="-pg" />
			<Add library="pthread" />
			<Add library="mysqlclient" />
		</Linker>
		<Unit filename="Agent.cpp" />
		<Unit filename="Agent.h" />
		<Unit filename="Avatar.cpp" />
		<Unit filename="Avatar.h" />
		<Unit filename="Debug.h" />
		<Unit filename="GIOM.cpp" />
		<Unit filename="GIOM.h" />
		<Unit filename="Group.cpp">
			<Option target="SimGroup" />
			<Option target="R of SimGroup" />
			<Option target="Robot1" />
		</Unit>
		<Unit filename="Group.h">
			<Option target="SimGroup" />
			<Option target="R of SimGroup" />
			<Option target="Robot1" />
		</Unit>
		<Unit filename="PFTGIOM.cpp" />
		<Unit filename="PFTGIOM.h" />
		<Unit filename="SimAgent.cpp" />
		<Unit filename="SimAgent.h" />
		<Unit filename="SimGroup.cpp">
			<Option target="SimGroup" />
			<Option target="R of SimGroup" />
		</Unit>
		<Unit filename="SimGroup.h">
			<Option target="SimGroup" />
			<Option target="R of SimGroup" />
		</Unit>
		<Unit filename="examples/Group/Individual.cpp">
			<Option target="SimGroup" />
			<Option target="R of SimGroup" />
		</Unit>
		<Unit filename="examples/Group/Individual.h">
			<Option target="SimGroup" />
			<Option target="R of SimGroup" />
		</Unit>
		<Unit filename="examples/Group/main.cpp">
			<Option target="SimGroup" />
			<Option target="R of SimGroup" />
		</Unit>
		<Unit filename="examples/Robot1/Robot1.cpp">
			<Option target="Robot1" />
		</Unit>
		<Unit filename="examples/Robot1/Robot1.h">
			<Option target="Robot1" />
		</Unit>
		<Unit filename="examples/Robot1/rb1.cpp">
			<Option target="Robot1" />
		</Unit>
		<Unit filename="examples/TSP/TSP.cpp">
			<Option target="TSP" />
		</Unit>
		<Unit filename="examples/TSP/TSP.h">
			<Option target="TSP" />
		</Unit>
		<Unit filename="examples/TSP/TSPAgent.cpp">
			<Option target="TSP" />
		</Unit>
		<Unit filename="examples/TSP/TSPAgent.h">
			<Option target="TSP" />
		</Unit>
		<Unit filename="test.cpp">
			<Option target="test" />
		</Unit>
		<Extensions>
			<envvars />
			<code_completion />
			<lib_finder disable_auto="1" />
			<debugger />
			<DoxyBlocks>
				<comment_style block="0" line="0" />
				<doxyfile_project />
				<doxyfile_build />
				<doxyfile_warnings />
				<doxyfile_output />
				<doxyfile_dot />
				<general />
			</DoxyBlocks>
			<wxsmith version="1">
				<gui name="wxWidgets" src="" main="" init_handlers="necessary" language="CPP" />
			</wxsmith>
		</Extensions>
	</Project>
</CodeBlocks_project_file>
